
Microsoft Visual Studio Solution File, Format Version 12.00
# Visual Studio Version 17
VisualStudioVersion = 17.14.36408.4 d17.14
MinimumVisualStudioVersion = 10.0.40219.1
Project("{FAE04EC0-301F-11D3-BF4B-00C04F79EFBC}") = "Qabul.Api", "Qabul.Api\Qabul.Api.csproj", "{8A847132-F8BB-4F8F-A4DB-0171B167B70E}"
EndProject
Global
	GlobalSection(SolutionConfigurationPlatforms) = preSolution
		Debug|Any CPU = Debug|Any CPU
		Release|Any CPU = Release|Any CPU
	EndGlobalSection
	GlobalSection(ProjectConfigurationPlatforms) = postSolution
		{8A847132-F8BB-4F8F-A4DB-0171B167B70E}.Debug|Any CPU.ActiveCfg = Debug|Any CPU
		{8A847132-F8BB-4F8F-A4DB-0171B167B70E}.Debug|Any CPU.Build.0 = Debug|Any CPU
		{8A847132-F8BB-4F8F-A4DB-0171B167B70E}.Release|Any CPU.ActiveCfg = Release|Any CPU
		{8A847132-F8BB-4F8F-A4DB-0171B167B70E}.Release|Any CPU.Build.0 = Release|Any CPU
	EndGlobalSection
	GlobalSection(SolutionProperties) = preSolution
		HideSolutionNode = FALSE
	EndGlobalSection
	GlobalSection(ExtensibilityGlobals) = postSolution
		SolutionGuid = {51047A59-5746-426B-B4FC-F0FADD566FEC}
	EndGlobalSection
EndGlobal
